// !$*UTF8*$!
{
	archiveVersion = 1;
	classes = {
	};
	objectVersion = 55;
	objects = {

/* Begin PBXBuildFile section */
		AC2AD8F7275BA61C008F057B /* BookmarkPresenter.swift in Sources */ = {isa = PBXBuildFile; fileRef = AC2AD8F6275BA61C008F057B /* BookmarkPresenter.swift */; };
		AC2AD8F9275BA6A7008F057B /* BookmarkInteractor.swift in Sources */ = {isa = PBXBuildFile; fileRef = AC2AD8F8275BA6A7008F057B /* BookmarkInteractor.swift */; };
		AC2AD8FB275BA731008F057B /* BookmarkRouter.swift in Sources */ = {isa = PBXBuildFile; fileRef = AC2AD8FA275BA731008F057B /* BookmarkRouter.swift */; };
		AC2AD8FD275BD559008F057B /* NoDataView.swift in Sources */ = {isa = PBXBuildFile; fileRef = AC2AD8FC275BD559008F057B /* NoDataView.swift */; };
		AC2AD8FF275BDFE0008F057B /* Date+Ext.swift in Sources */ = {isa = PBXBuildFile; fileRef = AC2AD8FE275BDFDF008F057B /* Date+Ext.swift */; };
		AC2AD901275BE09C008F057B /* Utils.swift in Sources */ = {isa = PBXBuildFile; fileRef = AC2AD900275BE09C008F057B /* Utils.swift */; };
		AC5DD5E7275A6C700041BE4F /* WebView.swift in Sources */ = {isa = PBXBuildFile; fileRef = AC5DD5E6275A6C700041BE4F /* WebView.swift */; };
		AC6C50EA275915FD0069DC0B /* NewsApp.swift in Sources */ = {isa = PBXBuildFile; fileRef = AC6C50E9275915FD0069DC0B /* NewsApp.swift */; };
		AC6C50EC275915FD0069DC0B /* ContentView.swift in Sources */ = {isa = PBXBuildFile; fileRef = AC6C50EB275915FD0069DC0B /* ContentView.swift */; };
		AC6C50EE275916020069DC0B /* Assets.xcassets in Resources */ = {isa = PBXBuildFile; fileRef = AC6C50ED275916020069DC0B /* Assets.xcassets */; };
		AC6C50F1275916020069DC0B /* Preview Assets.xcassets in Resources */ = {isa = PBXBuildFile; fileRef = AC6C50F0275916020069DC0B /* Preview Assets.xcassets */; };
		AC6C510F275917BC0069DC0B /* AboutMeView.swift in Sources */ = {isa = PBXBuildFile; fileRef = AC6C510E275917BC0069DC0B /* AboutMeView.swift */; };
		AC6C5118275918320069DC0B /* Mulish-Regular.ttf in Resources */ = {isa = PBXBuildFile; fileRef = AC6C5116275918320069DC0B /* Mulish-Regular.ttf */; };
		AC6C5119275918320069DC0B /* Mulish-Bold.ttf in Resources */ = {isa = PBXBuildFile; fileRef = AC6C5117275918320069DC0B /* Mulish-Bold.ttf */; };
		AC6C511C27591ACF0069DC0B /* Color+Ext.swift in Sources */ = {isa = PBXBuildFile; fileRef = AC6C511B27591ACF0069DC0B /* Color+Ext.swift */; };
		AC6C511E27591B0B0069DC0B /* View+Ext.swift in Sources */ = {isa = PBXBuildFile; fileRef = AC6C511D27591B0B0069DC0B /* View+Ext.swift */; };
		AC6C512027591B320069DC0B /* UINavigationController+Ext.swift in Sources */ = {isa = PBXBuildFile; fileRef = AC6C511F27591B320069DC0B /* UINavigationController+Ext.swift */; };
		AC6C512227591C760069DC0B /* NewsListView.swift in Sources */ = {isa = PBXBuildFile; fileRef = AC6C512127591C760069DC0B /* NewsListView.swift */; };
		AC6C512427591C850069DC0B /* RowView.swift in Sources */ = {isa = PBXBuildFile; fileRef = AC6C512327591C850069DC0B /* RowView.swift */; };
		AC6C512727591CE50069DC0B /* URLImage in Frameworks */ = {isa = PBXBuildFile; productRef = AC6C512627591CE50069DC0B /* URLImage */; };
		AC6C512A27591D1F0069DC0B /* Alamofire in Frameworks */ = {isa = PBXBuildFile; productRef = AC6C512927591D1F0069DC0B /* Alamofire */; };
		AC6C512D27591E640069DC0B /* Realm in Frameworks */ = {isa = PBXBuildFile; productRef = AC6C512C27591E640069DC0B /* Realm */; };
		AC6C512F27591E640069DC0B /* RealmSwift in Frameworks */ = {isa = PBXBuildFile; productRef = AC6C512E27591E640069DC0B /* RealmSwift */; };
		AC6C513627591F7A0069DC0B /* BookmarkListView.swift in Sources */ = {isa = PBXBuildFile; fileRef = AC6C513527591F7A0069DC0B /* BookmarkListView.swift */; };
		AC6C513827591FC40069DC0B /* DetailView.swift in Sources */ = {isa = PBXBuildFile; fileRef = AC6C513727591FC40069DC0B /* DetailView.swift */; };
		AC6C513A275922800069DC0B /* ApiCall.swift in Sources */ = {isa = PBXBuildFile; fileRef = AC6C5139275922800069DC0B /* ApiCall.swift */; };
		AC6C513C275923BC0069DC0B /* ArticleMapper.swift in Sources */ = {isa = PBXBuildFile; fileRef = AC6C513B275923BB0069DC0B /* ArticleMapper.swift */; };
		AC6C513E275925D30069DC0B /* ArticlesResponse.swift in Sources */ = {isa = PBXBuildFile; fileRef = AC6C513D275925D30069DC0B /* ArticlesResponse.swift */; };
		AC6C5140275927170069DC0B /* ArticleEntity.swift in Sources */ = {isa = PBXBuildFile; fileRef = AC6C513F275927170069DC0B /* ArticleEntity.swift */; };
		AC6C5142275927B10069DC0B /* ArticleModel.swift in Sources */ = {isa = PBXBuildFile; fileRef = AC6C5141275927B10069DC0B /* ArticleModel.swift */; };
		AC6C5144275928550069DC0B /* RemoteDataSource.swift in Sources */ = {isa = PBXBuildFile; fileRef = AC6C5143275928550069DC0B /* RemoteDataSource.swift */; };
		AC6C5146275929F40069DC0B /* CustomError+Ext.swift in Sources */ = {isa = PBXBuildFile; fileRef = AC6C5145275929F40069DC0B /* CustomError+Ext.swift */; };
		AC6C514827592AFA0069DC0B /* LocaleDataSource.swift in Sources */ = {isa = PBXBuildFile; fileRef = AC6C514727592AFA0069DC0B /* LocaleDataSource.swift */; };
		AC6C514A27592D2D0069DC0B /* NewsRepository.swift in Sources */ = {isa = PBXBuildFile; fileRef = AC6C514927592D2D0069DC0B /* NewsRepository.swift */; };
		AC6C514C2759349F0069DC0B /* Injection.swift in Sources */ = {isa = PBXBuildFile; fileRef = AC6C514B2759349F0069DC0B /* Injection.swift */; };
		AC6C514E275935240069DC0B /* NewsInteractor.swift in Sources */ = {isa = PBXBuildFile; fileRef = AC6C514D275935240069DC0B /* NewsInteractor.swift */; };
		AC6C5150275936290069DC0B /* NewsPresenter.swift in Sources */ = {isa = PBXBuildFile; fileRef = AC6C514F275936290069DC0B /* NewsPresenter.swift */; };
		AC6C51522759366E0069DC0B /* NewsRouter.swift in Sources */ = {isa = PBXBuildFile; fileRef = AC6C51512759366E0069DC0B /* NewsRouter.swift */; };
		AC6C5154275936FC0069DC0B /* DetailInteractor.swift in Sources */ = {isa = PBXBuildFile; fileRef = AC6C5153275936FC0069DC0B /* DetailInteractor.swift */; };
		AC6C5156275937C50069DC0B /* DetailPresenter.swift in Sources */ = {isa = PBXBuildFile; fileRef = AC6C5155275937C50069DC0B /* DetailPresenter.swift */; };
		AC6C515827593C990069DC0B /* ActivityIndicator.swift in Sources */ = {isa = PBXBuildFile; fileRef = AC6C515727593C990069DC0B /* ActivityIndicator.swift */; };
		ACED80AF275F43C4005A824E /* News-Info.plist in Resources */ = {isa = PBXBuildFile; fileRef = ACED80AE275F43C4005A824E /* News-Info.plist */; };
/* End PBXBuildFile section */

/* Begin PBXFileReference section */
		AC2AD8F6275BA61C008F057B /* BookmarkPresenter.swift */ = {isa = PBXFileReference; lastKnownFileType = sourcecode.swift; path = BookmarkPresenter.swift; sourceTree = "<group>"; };
		AC2AD8F8275BA6A7008F057B /* BookmarkInteractor.swift */ = {isa = PBXFileReference; lastKnownFileType = sourcecode.swift; path = BookmarkInteractor.swift; sourceTree = "<group>"; };
		AC2AD8FA275BA731008F057B /* BookmarkRouter.swift */ = {isa = PBXFileReference; lastKnownFileType = sourcecode.swift; path = BookmarkRouter.swift; sourceTree = "<group>"; };
		AC2AD8FC275BD559008F057B /* NoDataView.swift */ = {isa = PBXFileReference; lastKnownFileType = sourcecode.swift; path = NoDataView.swift; sourceTree = "<group>"; };
		AC2AD8FE275BDFDF008F057B /* Date+Ext.swift */ = {isa = PBXFileReference; lastKnownFileType = sourcecode.swift; path = "Date+Ext.swift"; sourceTree = "<group>"; };
		AC2AD900275BE09C008F057B /* Utils.swift */ = {isa = PBXFileReference; lastKnownFileType = sourcecode.swift; path = Utils.swift; sourceTree = "<group>"; };
		AC2AD903275BEFF6008F057B /* .swiftlint.yml */ = {isa = PBXFileReference; lastKnownFileType = text.yaml; path = .swiftlint.yml; sourceTree = "<group>"; };
		AC5DD5E6275A6C700041BE4F /* WebView.swift */ = {isa = PBXFileReference; lastKnownFileType = sourcecode.swift; path = WebView.swift; sourceTree = "<group>"; };
		AC6C50E6275915FD0069DC0B /* News.app */ = {isa = PBXFileReference; explicitFileType = wrapper.application; includeInIndex = 0; path = News.app; sourceTree = BUILT_PRODUCTS_DIR; };
		AC6C50E9275915FD0069DC0B /* NewsApp.swift */ = {isa = PBXFileReference; lastKnownFileType = sourcecode.swift; path = NewsApp.swift; sourceTree = "<group>"; };
		AC6C50EB275915FD0069DC0B /* ContentView.swift */ = {isa = PBXFileReference; lastKnownFileType = sourcecode.swift; path = ContentView.swift; sourceTree = "<group>"; };
		AC6C50ED275916020069DC0B /* Assets.xcassets */ = {isa = PBXFileReference; lastKnownFileType = folder.assetcatalog; path = Assets.xcassets; sourceTree = "<group>"; };
		AC6C50F0275916020069DC0B /* Preview Assets.xcassets */ = {isa = PBXFileReference; lastKnownFileType = folder.assetcatalog; path = "Preview Assets.xcassets"; sourceTree = "<group>"; };
		AC6C510E275917BC0069DC0B /* AboutMeView.swift */ = {isa = PBXFileReference; lastKnownFileType = sourcecode.swift; path = AboutMeView.swift; sourceTree = "<group>"; };
		AC6C5116275918320069DC0B /* Mulish-Regular.ttf */ = {isa = PBXFileReference; lastKnownFileType = file; path = "Mulish-Regular.ttf"; sourceTree = "<group>"; };
		AC6C5117275918320069DC0B /* Mulish-Bold.ttf */ = {isa = PBXFileReference; lastKnownFileType = file; path = "Mulish-Bold.ttf"; sourceTree = "<group>"; };
		AC6C511A275919F20069DC0B /* Info.plist */ = {isa = PBXFileReference; lastKnownFileType = text.plist; path = Info.plist; sourceTree = "<group>"; };
		AC6C511B27591ACF0069DC0B /* Color+Ext.swift */ = {isa = PBXFileReference; lastKnownFileType = sourcecode.swift; path = "Color+Ext.swift"; sourceTree = "<group>"; };
		AC6C511D27591B0B0069DC0B /* View+Ext.swift */ = {isa = PBXFileReference; lastKnownFileType = sourcecode.swift; path = "View+Ext.swift"; sourceTree = "<group>"; };
		AC6C511F27591B320069DC0B /* UINavigationController+Ext.swift */ = {isa = PBXFileReference; lastKnownFileType = sourcecode.swift; path = "UINavigationController+Ext.swift"; sourceTree = "<group>"; };
		AC6C512127591C760069DC0B /* NewsListView.swift */ = {isa = PBXFileReference; lastKnownFileType = sourcecode.swift; path = NewsListView.swift; sourceTree = "<group>"; };
		AC6C512327591C850069DC0B /* RowView.swift */ = {isa = PBXFileReference; lastKnownFileType = sourcecode.swift; path = RowView.swift; sourceTree = "<group>"; };
		AC6C513527591F7A0069DC0B /* BookmarkListView.swift */ = {isa = PBXFileReference; lastKnownFileType = sourcecode.swift; path = BookmarkListView.swift; sourceTree = "<group>"; };
		AC6C513727591FC40069DC0B /* DetailView.swift */ = {isa = PBXFileReference; lastKnownFileType = sourcecode.swift; path = DetailView.swift; sourceTree = "<group>"; };
		AC6C5139275922800069DC0B /* ApiCall.swift */ = {isa = PBXFileReference; lastKnownFileType = sourcecode.swift; path = ApiCall.swift; sourceTree = "<group>"; };
		AC6C513B275923BB0069DC0B /* ArticleMapper.swift */ = {isa = PBXFileReference; lastKnownFileType = sourcecode.swift; path = ArticleMapper.swift; sourceTree = "<group>"; };
		AC6C513D275925D30069DC0B /* ArticlesResponse.swift */ = {isa = PBXFileReference; lastKnownFileType = sourcecode.swift; path = ArticlesResponse.swift; sourceTree = "<group>"; };
		AC6C513F275927170069DC0B /* ArticleEntity.swift */ = {isa = PBXFileReference; lastKnownFileType = sourcecode.swift; path = ArticleEntity.swift; sourceTree = "<group>"; };
		AC6C5141275927B10069DC0B /* ArticleModel.swift */ = {isa = PBXFileReference; lastKnownFileType = sourcecode.swift; path = ArticleModel.swift; sourceTree = "<group>"; };
		AC6C5143275928550069DC0B /* RemoteDataSource.swift */ = {isa = PBXFileReference; lastKnownFileType = sourcecode.swift; path = RemoteDataSource.swift; sourceTree = "<group>"; };
		AC6C5145275929F40069DC0B /* CustomError+Ext.swift */ = {isa = PBXFileReference; lastKnownFileType = sourcecode.swift; path = "CustomError+Ext.swift"; sourceTree = "<group>"; };
		AC6C514727592AFA0069DC0B /* LocaleDataSource.swift */ = {isa = PBXFileReference; lastKnownFileType = sourcecode.swift; path = LocaleDataSource.swift; sourceTree = "<group>"; };
		AC6C514927592D2D0069DC0B /* NewsRepository.swift */ = {isa = PBXFileReference; lastKnownFileType = sourcecode.swift; path = NewsRepository.swift; sourceTree = "<group>"; };
		AC6C514B2759349F0069DC0B /* Injection.swift */ = {isa = PBXFileReference; lastKnownFileType = sourcecode.swift; path = Injection.swift; sourceTree = "<group>"; };
		AC6C514D275935240069DC0B /* NewsInteractor.swift */ = {isa = PBXFileReference; lastKnownFileType = sourcecode.swift; path = NewsInteractor.swift; sourceTree = "<group>"; };
		AC6C514F275936290069DC0B /* NewsPresenter.swift */ = {isa = PBXFileReference; lastKnownFileType = sourcecode.swift; path = NewsPresenter.swift; sourceTree = "<group>"; };
		AC6C51512759366E0069DC0B /* NewsRouter.swift */ = {isa = PBXFileReference; lastKnownFileType = sourcecode.swift; path = NewsRouter.swift; sourceTree = "<group>"; };
		AC6C5153275936FC0069DC0B /* DetailInteractor.swift */ = {isa = PBXFileReference; lastKnownFileType = sourcecode.swift; path = DetailInteractor.swift; sourceTree = "<group>"; };
		AC6C5155275937C50069DC0B /* DetailPresenter.swift */ = {isa = PBXFileReference; lastKnownFileType = sourcecode.swift; path = DetailPresenter.swift; sourceTree = "<group>"; };
		AC6C515727593C990069DC0B /* ActivityIndicator.swift */ = {isa = PBXFileReference; lastKnownFileType = sourcecode.swift; path = ActivityIndicator.swift; sourceTree = "<group>"; };
		ACED80AE275F43C4005A824E /* News-Info.plist */ = {isa = PBXFileReference; lastKnownFileType = text.plist.xml; path = "News-Info.plist"; sourceTree = "<group>"; };
/* End PBXFileReference section */

/* Begin PBXFrameworksBuildPhase section */
		AC6C50E3275915FD0069DC0B /* Frameworks */ = {
			isa = PBXFrameworksBuildPhase;
			buildActionMask = 2147483647;
			files = (
				AC6C512F27591E640069DC0B /* RealmSwift in Frameworks */,
				AC6C512D27591E640069DC0B /* Realm in Frameworks */,
				AC6C512727591CE50069DC0B /* URLImage in Frameworks */,
				AC6C512A27591D1F0069DC0B /* Alamofire in Frameworks */,
			);
			runOnlyForDeploymentPostprocessing = 0;
		};
/* End PBXFrameworksBuildPhase section */

/* Begin PBXGroup section */
		AC6C50DD275915FD0069DC0B = {
			isa = PBXGroup;
			children = (
				AC2AD903275BEFF6008F057B /* .swiftlint.yml */,
				AC6C50E8275915FD0069DC0B /* News */,
				AC6C50E7275915FD0069DC0B /* Products */,
			);
			sourceTree = "<group>";
		};
		AC6C50E7275915FD0069DC0B /* Products */ = {
			isa = PBXGroup;
			children = (
				AC6C50E6275915FD0069DC0B /* News.app */,
			);
			name = Products;
			sourceTree = "<group>";
		};
		AC6C50E8275915FD0069DC0B /* News */ = {
			isa = PBXGroup;
			children = (
				AC6C511A275919F20069DC0B /* Info.plist */,
				ACED80AE275F43C4005A824E /* News-Info.plist */,
				AC6C50F7275916090069DC0B /* App */,
				AC6C50F9275916340069DC0B /* Core */,
				AC6C50FA275916630069DC0B /* Module */,
				AC6C50EF275916020069DC0B /* Preview Content */,
				AC6C50F8275916120069DC0B /* Supporting Files */,
			);
			path = News;
			sourceTree = "<group>";
		};
		AC6C50EF275916020069DC0B /* Preview Content */ = {
			isa = PBXGroup;
			children = (
				AC6C50F0275916020069DC0B /* Preview Assets.xcassets */,
			);
			path = "Preview Content";
			sourceTree = "<group>";
		};
		AC6C50F7275916090069DC0B /* App */ = {
			isa = PBXGroup;
			children = (
				AC6C50E9275915FD0069DC0B /* NewsApp.swift */,
				AC6C50EB275915FD0069DC0B /* ContentView.swift */,
			);
			path = App;
			sourceTree = "<group>";
		};
		AC6C50F8275916120069DC0B /* Supporting Files */ = {
			isa = PBXGroup;
			children = (
				AC6C50ED275916020069DC0B /* Assets.xcassets */,
			);
			path = "Supporting Files";
			sourceTree = "<group>";
		};
		AC6C50F9275916340069DC0B /* Core */ = {
			isa = PBXGroup;
			children = (
				AC6C50FB2759167C0069DC0B /* Data */,
				AC6C50FE275916930069DC0B /* DI */,
				AC6C50FD2759168B0069DC0B /* Domain */,
				AC6C50FC275916840069DC0B /* Utils */,
			);
			path = Core;
			sourceTree = "<group>";
		};
		AC6C50FA275916630069DC0B /* Module */ = {
			isa = PBXGroup;
			children = (
				AC6C510A2759172D0069DC0B /* Home */,
				AC6C5109275917270069DC0B /* Detail */,
			);
			path = Module;
			sourceTree = "<group>";
		};
		AC6C50FB2759167C0069DC0B /* Data */ = {
			isa = PBXGroup;
			children = (
				AC6C50FF275916A50069DC0B /* Locale */,
				AC6C5101275916B80069DC0B /* Remote */,
				AC6C514927592D2D0069DC0B /* NewsRepository.swift */,
			);
			path = Data;
			sourceTree = "<group>";
		};
		AC6C50FC275916840069DC0B /* Utils */ = {
			isa = PBXGroup;
			children = (
				AC6C5114275918320069DC0B /* Fonts */,
				AC6C5105275916E90069DC0B /* Network */,
				AC6C5106275916F10069DC0B /* Mapper */,
				AC6C5107275916F90069DC0B /* Extensions */,
				AC6C51082759170D0069DC0B /* View */,
				AC2AD900275BE09C008F057B /* Utils.swift */,
			);
			path = Utils;
			sourceTree = "<group>";
		};
		AC6C50FD2759168B0069DC0B /* Domain */ = {
			isa = PBXGroup;
			children = (
				AC6C5104275916DE0069DC0B /* Model */,
				AC6C5103275916D70069DC0B /* UseCase */,
			);
			path = Domain;
			sourceTree = "<group>";
		};
		AC6C50FE275916930069DC0B /* DI */ = {
			isa = PBXGroup;
			children = (
				AC6C514B2759349F0069DC0B /* Injection.swift */,
			);
			path = DI;
			sourceTree = "<group>";
		};
		AC6C50FF275916A50069DC0B /* Locale */ = {
			isa = PBXGroup;
			children = (
				AC6C5100275916AE0069DC0B /* Entity */,
				AC6C514727592AFA0069DC0B /* LocaleDataSource.swift */,
			);
			path = Locale;
			sourceTree = "<group>";
		};
		AC6C5100275916AE0069DC0B /* Entity */ = {
			isa = PBXGroup;
			children = (
				AC6C513F275927170069DC0B /* ArticleEntity.swift */,
			);
			path = Entity;
			sourceTree = "<group>";
		};
		AC6C5101275916B80069DC0B /* Remote */ = {
			isa = PBXGroup;
			children = (
				AC6C5102275916C10069DC0B /* Response */,
				AC6C5143275928550069DC0B /* RemoteDataSource.swift */,
			);
			path = Remote;
			sourceTree = "<group>";
		};
		AC6C5102275916C10069DC0B /* Response */ = {
			isa = PBXGroup;
			children = (
				AC6C513D275925D30069DC0B /* ArticlesResponse.swift */,
			);
			path = Response;
			sourceTree = "<group>";
		};
		AC6C5103275916D70069DC0B /* UseCase */ = {
			isa = PBXGroup;
			children = (
				AC6C514D275935240069DC0B /* NewsInteractor.swift */,
				AC6C5153275936FC0069DC0B /* DetailInteractor.swift */,
				AC2AD8F8275BA6A7008F057B /* BookmarkInteractor.swift */,
			);
			path = UseCase;
			sourceTree = "<group>";
		};
		AC6C5104275916DE0069DC0B /* Model */ = {
			isa = PBXGroup;
			children = (
				AC6C5141275927B10069DC0B /* ArticleModel.swift */,
			);
			path = Model;
			sourceTree = "<group>";
		};
		AC6C5105275916E90069DC0B /* Network */ = {
			isa = PBXGroup;
			children = (
				AC6C5139275922800069DC0B /* ApiCall.swift */,
			);
			path = Network;
			sourceTree = "<group>";
		};
		AC6C5106275916F10069DC0B /* Mapper */ = {
			isa = PBXGroup;
			children = (
				AC6C513B275923BB0069DC0B /* ArticleMapper.swift */,
			);
			path = Mapper;
			sourceTree = "<group>";
		};
		AC6C5107275916F90069DC0B /* Extensions */ = {
			isa = PBXGroup;
			children = (
				AC6C511B27591ACF0069DC0B /* Color+Ext.swift */,
				AC6C511D27591B0B0069DC0B /* View+Ext.swift */,
				AC6C511F27591B320069DC0B /* UINavigationController+Ext.swift */,
				AC6C5145275929F40069DC0B /* CustomError+Ext.swift */,
				AC2AD8FE275BDFDF008F057B /* Date+Ext.swift */,
			);
			path = Extensions;
			sourceTree = "<group>";
		};
		AC6C51082759170D0069DC0B /* View */ = {
			isa = PBXGroup;
			children = (
				AC6C515727593C990069DC0B /* ActivityIndicator.swift */,
				AC6C512327591C850069DC0B /* RowView.swift */,
				AC5DD5E6275A6C700041BE4F /* WebView.swift */,
				AC2AD8FC275BD559008F057B /* NoDataView.swift */,
			);
			path = View;
			sourceTree = "<group>";
		};
		AC6C5109275917270069DC0B /* Detail */ = {
			isa = PBXGroup;
			children = (
				AC6C513727591FC40069DC0B /* DetailView.swift */,
				AC6C5155275937C50069DC0B /* DetailPresenter.swift */,
			);
			path = Detail;
			sourceTree = "<group>";
		};
		AC6C510A2759172D0069DC0B /* Home */ = {
			isa = PBXGroup;
			children = (
				AC6C510D2759174D0069DC0B /* News */,
				AC6C510C275917410069DC0B /* Bookmark */,
				AC6C510B2759173A0069DC0B /* AboutMe */,
			);
			path = Home;
			sourceTree = "<group>";
		};
		AC6C510B2759173A0069DC0B /* AboutMe */ = {
			isa = PBXGroup;
			children = (
				AC6C510E275917BC0069DC0B /* AboutMeView.swift */,
			);
			path = AboutMe;
			sourceTree = "<group>";
		};
		AC6C510C275917410069DC0B /* Bookmark */ = {
			isa = PBXGroup;
			children = (
				AC6C513527591F7A0069DC0B /* BookmarkListView.swift */,
				AC2AD8F6275BA61C008F057B /* BookmarkPresenter.swift */,
				AC2AD8FA275BA731008F057B /* BookmarkRouter.swift */,
			);
			path = Bookmark;
			sourceTree = "<group>";
		};
		AC6C510D2759174D0069DC0B /* News */ = {
			isa = PBXGroup;
			children = (
				AC6C512127591C760069DC0B /* NewsListView.swift */,
				AC6C514F275936290069DC0B /* NewsPresenter.swift */,
				AC6C51512759366E0069DC0B /* NewsRouter.swift */,
			);
			path = News;
			sourceTree = "<group>";
		};
		AC6C5114275918320069DC0B /* Fonts */ = {
			isa = PBXGroup;
			children = (
				AC6C5115275918320069DC0B /* Mulish */,
			);
			path = Fonts;
			sourceTree = "<group>";
		};
		AC6C5115275918320069DC0B /* Mulish */ = {
			isa = PBXGroup;
			children = (
				AC6C5116275918320069DC0B /* Mulish-Regular.ttf */,
				AC6C5117275918320069DC0B /* Mulish-Bold.ttf */,
			);
			path = Mulish;
			sourceTree = "<group>";
		};
/* End PBXGroup section */

/* Begin PBXNativeTarget section */
		AC6C50E5275915FD0069DC0B /* News */ = {
			isa = PBXNativeTarget;
			buildConfigurationList = AC6C50F4275916020069DC0B /* Build configuration list for PBXNativeTarget "News" */;
			buildPhases = (
				AC6C50E2275915FD0069DC0B /* Sources */,
				AC6C50E3275915FD0069DC0B /* Frameworks */,
				AC6C50E4275915FD0069DC0B /* Resources */,
				AC2AD902275BE8CE008F057B /* ShellScript */,
			);
			buildRules = (
			);
			dependencies = (
			);
			name = News;
			packageProductDependencies = (
				AC6C512627591CE50069DC0B /* URLImage */,
				AC6C512927591D1F0069DC0B /* Alamofire */,
				AC6C512C27591E640069DC0B /* Realm */,
				AC6C512E27591E640069DC0B /* RealmSwift */,
			);
			productName = News;
			productReference = AC6C50E6275915FD0069DC0B /* News.app */;
			productType = "com.apple.product-type.application";
		};
/* End PBXNativeTarget section */

/* Begin PBXProject section */
		AC6C50DE275915FD0069DC0B /* Project object */ = {
			isa = PBXProject;
			attributes = {
				BuildIndependentTargetsInParallel = 1;
				LastSwiftUpdateCheck = 1310;
				LastUpgradeCheck = 1310;
				TargetAttributes = {
					AC6C50E5275915FD0069DC0B = {
						CreatedOnToolsVersion = 13.1;
					};
				};
			};
			buildConfigurationList = AC6C50E1275915FD0069DC0B /* Build configuration list for PBXProject "News" */;
			compatibilityVersion = "Xcode 13.0";
			developmentRegion = en;
			hasScannedForEncodings = 0;
			knownRegions = (
				en,
				Base,
			);
			mainGroup = AC6C50DD275915FD0069DC0B;
			packageReferences = (
				AC6C512527591CE50069DC0B /* XCRemoteSwiftPackageReference "url-image" */,
				AC6C512827591D1F0069DC0B /* XCRemoteSwiftPackageReference "Alamofire" */,
				AC6C512B27591E640069DC0B /* XCRemoteSwiftPackageReference "realm-cocoa" */,
			);
			productRefGroup = AC6C50E7275915FD0069DC0B /* Products */;
			projectDirPath = "";
			projectRoot = "";
			targets = (
				AC6C50E5275915FD0069DC0B /* News */,
			);
		};
/* End PBXProject section */

/* Begin PBXResourcesBuildPhase section */
		AC6C50E4275915FD0069DC0B /* Resources */ = {
			isa = PBXResourcesBuildPhase;
			buildActionMask = 2147483647;
			files = (
				ACED80AF275F43C4005A824E /* News-Info.plist in Resources */,
				AC6C5118275918320069DC0B /* Mulish-Regular.ttf in Resources */,
				AC6C50F1275916020069DC0B /* Preview Assets.xcassets in Resources */,
				AC6C50EE275916020069DC0B /* Assets.xcassets in Resources */,
				AC6C5119275918320069DC0B /* Mulish-Bold.ttf in Resources */,
			);
			runOnlyForDeploymentPostprocessing = 0;
		};
/* End PBXResourcesBuildPhase section */

/* Begin PBXShellScriptBuildPhase section */
		AC2AD902275BE8CE008F057B /* ShellScript */ = {
			isa = PBXShellScriptBuildPhase;
			buildActionMask = 2147483647;
			files = (
			);
			inputFileListPaths = (
			);
			inputPaths = (
			);
			outputFileListPaths = (
			);
			outputPaths = (
			);
			runOnlyForDeploymentPostprocessing = 0;
			shellPath = /bin/sh;
			shellScript = "# Type a script or drag a script file from your workspace to insert its path.\nif which swiftlint >/dev/null; then \n    swiftlint \nelse \n    echo \"warning: SwiftLint not installed, download from https://github.com/realm/SwiftLint\" \nfi\n";
		};
/* End PBXShellScriptBuildPhase section */

/* Begin PBXSourcesBuildPhase section */
		AC6C50E2275915FD0069DC0B /* Sources */ = {
			isa = PBXSourcesBuildPhase;
			buildActionMask = 2147483647;
			files = (
				AC6C513C275923BC0069DC0B /* ArticleMapper.swift in Sources */,
				AC6C512427591C850069DC0B /* RowView.swift in Sources */,
				AC6C5156275937C50069DC0B /* DetailPresenter.swift in Sources */,
				AC6C514A27592D2D0069DC0B /* NewsRepository.swift in Sources */,
				AC6C515827593C990069DC0B /* ActivityIndicator.swift in Sources */,
				AC6C5150275936290069DC0B /* NewsPresenter.swift in Sources */,
				AC2AD8FB275BA731008F057B /* BookmarkRouter.swift in Sources */,
				AC6C513827591FC40069DC0B /* DetailView.swift in Sources */,
				AC6C511E27591B0B0069DC0B /* View+Ext.swift in Sources */,
				AC6C514827592AFA0069DC0B /* LocaleDataSource.swift in Sources */,
				AC6C5144275928550069DC0B /* RemoteDataSource.swift in Sources */,
				AC6C513627591F7A0069DC0B /* BookmarkListView.swift in Sources */,
				AC6C5140275927170069DC0B /* ArticleEntity.swift in Sources */,
				AC6C510F275917BC0069DC0B /* AboutMeView.swift in Sources */,
				AC6C513A275922800069DC0B /* ApiCall.swift in Sources */,
				AC2AD8F7275BA61C008F057B /* BookmarkPresenter.swift in Sources */,
				AC2AD901275BE09C008F057B /* Utils.swift in Sources */,
				AC2AD8FD275BD559008F057B /* NoDataView.swift in Sources */,
				AC2AD8F9275BA6A7008F057B /* BookmarkInteractor.swift in Sources */,
				AC6C514E275935240069DC0B /* NewsInteractor.swift in Sources */,
				AC2AD8FF275BDFE0008F057B /* Date+Ext.swift in Sources */,
				AC6C512027591B320069DC0B /* UINavigationController+Ext.swift in Sources */,
				AC6C514C2759349F0069DC0B /* Injection.swift in Sources */,
				AC6C5146275929F40069DC0B /* CustomError+Ext.swift in Sources */,
				AC5DD5E7275A6C700041BE4F /* WebView.swift in Sources */,
				AC6C50EC275915FD0069DC0B /* ContentView.swift in Sources */,
				AC6C513E275925D30069DC0B /* ArticlesResponse.swift in Sources */,
				AC6C5142275927B10069DC0B /* ArticleModel.swift in Sources */,
				AC6C5154275936FC0069DC0B /* DetailInteractor.swift in Sources */,
				AC6C50EA275915FD0069DC0B /* NewsApp.swift in Sources */,
				AC6C512227591C760069DC0B /* NewsListView.swift in Sources */,
				AC6C51522759366E0069DC0B /* NewsRouter.swift in Sources */,
				AC6C511C27591ACF0069DC0B /* Color+Ext.swift in Sources */,
			);
			runOnlyForDeploymentPostprocessing = 0;
		};
/* End PBXSourcesBuildPhase section */

/* Begin XCBuildConfiguration section */
		AC6C50F2275916020069DC0B /* Debug */ = {
			isa = XCBuildConfiguration;
			buildSettings = {
				ALWAYS_SEARCH_USER_PATHS = NO;
				CLANG_ANALYZER_NONNULL = YES;
				CLANG_ANALYZER_NUMBER_OBJECT_CONVERSION = YES_AGGRESSIVE;
				CLANG_CXX_LANGUAGE_STANDARD = "gnu++17";
				CLANG_CXX_LIBRARY = "libc++";
				CLANG_ENABLE_MODULES = YES;
				CLANG_ENABLE_OBJC_ARC = YES;
				CLANG_ENABLE_OBJC_WEAK = YES;
				CLANG_WARN_BLOCK_CAPTURE_AUTORELEASING = YES;
				CLANG_WARN_BOOL_CONVERSION = YES;
				CLANG_WARN_COMMA = YES;
				CLANG_WARN_CONSTANT_CONVERSION = YES;
				CLANG_WARN_DEPRECATED_OBJC_IMPLEMENTATIONS = YES;
				CLANG_WARN_DIRECT_OBJC_ISA_USAGE = YES_ERROR;
				CLANG_WARN_DOCUMENTATION_COMMENTS = YES;
				CLANG_WARN_EMPTY_BODY = YES;
				CLANG_WARN_ENUM_CONVERSION = YES;
				CLANG_WARN_INFINITE_RECURSION = YES;
				CLANG_WARN_INT_CONVERSION = YES;
				CLANG_WARN_NON_LITERAL_NULL_CONVERSION = YES;
				CLANG_WARN_OBJC_IMPLICIT_RETAIN_SELF = YES;
				CLANG_WARN_OBJC_LITERAL_CONVERSION = YES;
				CLANG_WARN_OBJC_ROOT_CLASS = YES_ERROR;
				CLANG_WARN_QUOTED_INCLUDE_IN_FRAMEWORK_HEADER = YES;
				CLANG_WARN_RANGE_LOOP_ANALYSIS = YES;
				CLANG_WARN_STRICT_PROTOTYPES = YES;
				CLANG_WARN_SUSPICIOUS_MOVE = YES;
				CLANG_WARN_UNGUARDED_AVAILABILITY = YES_AGGRESSIVE;
				CLANG_WARN_UNREACHABLE_CODE = YES;
				CLANG_WARN__DUPLICATE_METHOD_MATCH = YES;
				COPY_PHASE_STRIP = NO;
				DEBUG_INFORMATION_FORMAT = dwarf;
				ENABLE_STRICT_OBJC_MSGSEND = YES;
				ENABLE_TESTABILITY = YES;
				GCC_C_LANGUAGE_STANDARD = gnu11;
				GCC_DYNAMIC_NO_PIC = NO;
				GCC_NO_COMMON_BLOCKS = YES;
				GCC_OPTIMIZATION_LEVEL = 0;
				GCC_PREPROCESSOR_DEFINITIONS = (
					"DEBUG=1",
					"$(inherited)",
				);
				GCC_WARN_64_TO_32_BIT_CONVERSION = YES;
				GCC_WARN_ABOUT_RETURN_TYPE = YES_ERROR;
				GCC_WARN_UNDECLARED_SELECTOR = YES;
				GCC_WARN_UNINITIALIZED_AUTOS = YES_AGGRESSIVE;
				GCC_WARN_UNUSED_FUNCTION = YES;
				GCC_WARN_UNUSED_VARIABLE = YES;
				IPHONEOS_DEPLOYMENT_TARGET = 15.0;
				MTL_ENABLE_DEBUG_INFO = INCLUDE_SOURCE;
				MTL_FAST_MATH = YES;
				ONLY_ACTIVE_ARCH = YES;
				SDKROOT = iphoneos;
				SWIFT_ACTIVE_COMPILATION_CONDITIONS = DEBUG;
				SWIFT_OPTIMIZATION_LEVEL = "-Onone";
			};
			name = Debug;
		};
		AC6C50F3275916020069DC0B /* Release */ = {
			isa = XCBuildConfiguration;
			buildSettings = {
				ALWAYS_SEARCH_USER_PATHS = NO;
				CLANG_ANALYZER_NONNULL = YES;
				CLANG_ANALYZER_NUMBER_OBJECT_CONVERSION = YES_AGGRESSIVE;
				CLANG_CXX_LANGUAGE_STANDARD = "gnu++17";
				CLANG_CXX_LIBRARY = "libc++";
				CLANG_ENABLE_MODULES = YES;
				CLANG_ENABLE_OBJC_ARC = YES;
				CLANG_ENABLE_OBJC_WEAK = YES;
				CLANG_WARN_BLOCK_CAPTURE_AUTORELEASING = YES;
				CLANG_WARN_BOOL_CONVERSION = YES;
				CLANG_WARN_COMMA = YES;
				CLANG_WARN_CONSTANT_CONVERSION = YES;
				CLANG_WARN_DEPRECATED_OBJC_IMPLEMENTATIONS = YES;
				CLANG_WARN_DIRECT_OBJC_ISA_USAGE = YES_ERROR;
				CLANG_WARN_DOCUMENTATION_COMMENTS = YES;
				CLANG_WARN_EMPTY_BODY = YES;
				CLANG_WARN_ENUM_CONVERSION = YES;
				CLANG_WARN_INFINITE_RECURSION = YES;
				CLANG_WARN_INT_CONVERSION = YES;
				CLANG_WARN_NON_LITERAL_NULL_CONVERSION = YES;
				CLANG_WARN_OBJC_IMPLICIT_RETAIN_SELF = YES;
				CLANG_WARN_OBJC_LITERAL_CONVERSION = YES;
				CLANG_WARN_OBJC_ROOT_CLASS = YES_ERROR;
				CLANG_WARN_QUOTED_INCLUDE_IN_FRAMEWORK_HEADER = YES;
				CLANG_WARN_RANGE_LOOP_ANALYSIS = YES;
				CLANG_WARN_STRICT_PROTOTYPES = YES;
				CLANG_WARN_SUSPICIOUS_MOVE = YES;
				CLANG_WARN_UNGUARDED_AVAILABILITY = YES_AGGRESSIVE;
				CLANG_WARN_UNREACHABLE_CODE = YES;
				CLANG_WARN__DUPLICATE_METHOD_MATCH = YES;
				COPY_PHASE_STRIP = NO;
				DEBUG_INFORMATION_FORMAT = "dwarf-with-dsym";
				ENABLE_NS_ASSERTIONS = NO;
				ENABLE_STRICT_OBJC_MSGSEND = YES;
				GCC_C_LANGUAGE_STANDARD = gnu11;
				GCC_NO_COMMON_BLOCKS = YES;
				GCC_WARN_64_TO_32_BIT_CONVERSION = YES;
				GCC_WARN_ABOUT_RETURN_TYPE = YES_ERROR;
				GCC_WARN_UNDECLARED_SELECTOR = YES;
				GCC_WARN_UNINITIALIZED_AUTOS = YES_AGGRESSIVE;
				GCC_WARN_UNUSED_FUNCTION = YES;
				GCC_WARN_UNUSED_VARIABLE = YES;
				IPHONEOS_DEPLOYMENT_TARGET = 15.0;
				MTL_ENABLE_DEBUG_INFO = NO;
				MTL_FAST_MATH = YES;
				SDKROOT = iphoneos;
				SWIFT_COMPILATION_MODE = wholemodule;
				SWIFT_OPTIMIZATION_LEVEL = "-O";
				VALIDATE_PRODUCT = YES;
			};
			name = Release;
		};
		AC6C50F5275916020069DC0B /* Debug */ = {
			isa = XCBuildConfiguration;
			buildSettings = {
				ASSETCATALOG_COMPILER_APPICON_NAME = AppIcon;
				ASSETCATALOG_COMPILER_GLOBAL_ACCENT_COLOR_NAME = AccentColor;
				CODE_SIGN_STYLE = Automatic;
				CURRENT_PROJECT_VERSION = 1;
				DEVELOPMENT_ASSET_PATHS = "\"News/Preview Content\"";
				DEVELOPMENT_TEAM = ML7WPTCV2T;
				ENABLE_PREVIEWS = YES;
				GENERATE_INFOPLIST_FILE = YES;
				INFOPLIST_FILE = News/Info.plist;
				INFOPLIST_KEY_UIApplicationSceneManifest_Generation = YES;
				INFOPLIST_KEY_UIApplicationSupportsIndirectInputEvents = YES;
				INFOPLIST_KEY_UILaunchScreen_Generation = YES;
				INFOPLIST_KEY_UISupportedInterfaceOrientations_iPad = "UIInterfaceOrientationPortrait UIInterfaceOrientationPortraitUpsideDown UIInterfaceOrientationLandscapeLeft UIInterfaceOrientationLandscapeRight";
				INFOPLIST_KEY_UISupportedInterfaceOrientations_iPhone = "UIInterfaceOrientationPortrait UIInterfaceOrientationLandscapeLeft UIInterfaceOrientationLandscapeRight";
				LD_RUNPATH_SEARCH_PATHS = (
					"$(inherited)",
					"@executable_path/Frameworks",
				);
				MARKETING_VERSION = 1.0;
				PRODUCT_BUNDLE_IDENTIFIER = com.dicoding.academy.News;
				PRODUCT_NAME = "$(TARGET_NAME)";
				SWIFT_EMIT_LOC_STRINGS = YES;
				SWIFT_VERSION = 5.0;
				TARGETED_DEVICE_FAMILY = "1,2";
			};
			name = Debug;
		};
		AC6C50F6275916020069DC0B /* Release */ = {
			isa = XCBuildConfiguration;
			buildSettings = {
				ASSETCATALOG_COMPILER_APPICON_NAME = AppIcon;
				ASSETCATALOG_COMPILER_GLOBAL_ACCENT_COLOR_NAME = AccentColor;
				CODE_SIGN_STYLE = Automatic;
				CURRENT_PROJECT_VERSION = 1;
				DEVELOPMENT_ASSET_PATHS = "\"News/Preview Content\"";
				DEVELOPMENT_TEAM = ML7WPTCV2T;
				ENABLE_PREVIEWS = YES;
				GENERATE_INFOPLIST_FILE = YES;
				INFOPLIST_FILE = News/Info.plist;
				INFOPLIST_KEY_UIApplicationSceneManifest_Generation = YES;
				INFOPLIST_KEY_UIApplicationSupportsIndirectInputEvents = YES;
				INFOPLIST_KEY_UILaunchScreen_Generation = YES;
				INFOPLIST_KEY_UISupportedInterfaceOrientations_iPad = "UIInterfaceOrientationPortrait UIInterfaceOrientationPortraitUpsideDown UIInterfaceOrientationLandscapeLeft UIInterfaceOrientationLandscapeRight";
				INFOPLIST_KEY_UISupportedInterfaceOrientations_iPhone = "UIInterfaceOrientationPortrait UIInterfaceOrientationLandscapeLeft UIInterfaceOrientationLandscapeRight";
				LD_RUNPATH_SEARCH_PATHS = (
					"$(inherited)",
					"@executable_path/Frameworks",
				);
				MARKETING_VERSION = 1.0;
				PRODUCT_BUNDLE_IDENTIFIER = com.dicoding.academy.News;
				PRODUCT_NAME = "$(TARGET_NAME)";
				SWIFT_EMIT_LOC_STRINGS = YES;
				SWIFT_VERSION = 5.0;
				TARGETED_DEVICE_FAMILY = "1,2";
			};
			name = Release;
		};
/* End XCBuildConfiguration section */

/* Begin XCConfigurationList section */
		AC6C50E1275915FD0069DC0B /* Build configuration list for PBXProject "News" */ = {
			isa = XCConfigurationList;
			buildConfigurations = (
				AC6C50F2275916020069DC0B /* Debug */,
				AC6C50F3275916020069DC0B /* Release */,
			);
			defaultConfigurationIsVisible = 0;
			defaultConfigurationName = Release;
		};
		AC6C50F4275916020069DC0B /* Build configuration list for PBXNativeTarget "News" */ = {
			isa = XCConfigurationList;
			buildConfigurations = (
				AC6C50F5275916020069DC0B /* Debug */,
				AC6C50F6275916020069DC0B /* Release */,
			);
			defaultConfigurationIsVisible = 0;
			defaultConfigurationName = Release;
		};
/* End XCConfigurationList section */

/* Begin XCRemoteSwiftPackageReference section */
		AC6C512527591CE50069DC0B /* XCRemoteSwiftPackageReference "url-image" */ = {
			isa = XCRemoteSwiftPackageReference;
			repositoryURL = "https://github.com/dmytro-anokhin/url-image";
			requirement = {
				kind = upToNextMajorVersion;
				minimumVersion = 3.0.0;
			};
		};
		AC6C512827591D1F0069DC0B /* XCRemoteSwiftPackageReference "Alamofire" */ = {
			isa = XCRemoteSwiftPackageReference;
			repositoryURL = "https://github.com/Alamofire/Alamofire.git";
			requirement = {
				kind = upToNextMajorVersion;
				minimumVersion = 5.0.0;
			};
		};
		AC6C512B27591E640069DC0B /* XCRemoteSwiftPackageReference "realm-cocoa" */ = {
			isa = XCRemoteSwiftPackageReference;
			repositoryURL = "https://github.com/realm/realm-cocoa";
			requirement = {
				kind = upToNextMajorVersion;
				minimumVersion = 5.0.0;
			};
		};
/* End XCRemoteSwiftPackageReference section */

/* Begin XCSwiftPackageProductDependency section */
		AC6C512627591CE50069DC0B /* URLImage */ = {
			isa = XCSwiftPackageProductDependency;
			package = AC6C512527591CE50069DC0B /* XCRemoteSwiftPackageReference "url-image" */;
			productName = URLImage;
		};
		AC6C512927591D1F0069DC0B /* Alamofire */ = {
			isa = XCSwiftPackageProductDependency;
			package = AC6C512827591D1F0069DC0B /* XCRemoteSwiftPackageReference "Alamofire" */;
			productName = Alamofire;
		};
		AC6C512C27591E640069DC0B /* Realm */ = {
			isa = XCSwiftPackageProductDependency;
			package = AC6C512B27591E640069DC0B /* XCRemoteSwiftPackageReference "realm-cocoa" */;
			productName = Realm;
		};
		AC6C512E27591E640069DC0B /* RealmSwift */ = {
			isa = XCSwiftPackageProductDependency;
			package = AC6C512B27591E640069DC0B /* XCRemoteSwiftPackageReference "realm-cocoa" */;
			productName = RealmSwift;
		};
/* End XCSwiftPackageProductDependency section */
	};
	rootObject = AC6C50DE275915FD0069DC0B /* Project object */;
}
